
Microsoft Visual Studio Solution File, Format Version 12.00
# Visual Studio Version 17
VisualStudioVersion = 17.1.32319.34
MinimumVisualStudioVersion = 10.0.40219.1
Project("{FAE04EC0-301F-11D3-BF4B-00C04F79EFBC}") = "PlusMinus", "HackerRank\PlusMinus.csproj", "{67FC4C0E-8BFB-43A2-8091-FACC6DDEEE92}"
EndProject
Project("{FAE04EC0-301F-11D3-BF4B-00C04F79EFBC}") = "Staircase", "Staircase\Staircase.csproj", "{342EEFF0-1A93-45C5-AF73-F7D8DE3E28CA}"
EndProject
Project("{FAE04EC0-301F-11D3-BF4B-00C04F79EFBC}") = "miniMaxSum", "miniMaxSum\miniMaxSum.csproj", "{403B0019-8B52-4A79-BAAE-FAE0E52F32FE}"
EndProject
Project("{FAE04EC0-301F-11D3-BF4B-00C04F79EFBC}") = "birthdayCakeCandles", "birthdayCakeCandles\birthdayCakeCandles.csproj", "{8F7A7114-1C34-4A0F-9569-CFBAECF297E4}"
EndProject
Project("{FAE04EC0-301F-11D3-BF4B-00C04F79EFBC}") = "timeConversion", "timeConversion\timeConversion.csproj", "{F972A3DC-EC74-43A5-BAC9-4B482CBB8A8C}"
EndProject
Project("{FAE04EC0-301F-11D3-BF4B-00C04F79EFBC}") = "playingWithNumbers", "playingWithNumbers\playingWithNumbers.csproj", "{4C152C34-359B-4362-A19B-62FABAC887D3}"
EndProject
Project("{FAE04EC0-301F-11D3-BF4B-00C04F79EFBC}") = "gradingStudents", "gradingStudents\gradingStudents.csproj", "{077D3D0E-2990-4016-8432-5BC2B9274FBD}"
EndProject
Project("{FAE04EC0-301F-11D3-BF4B-00C04F79EFBC}") = "countApplesAndOranges", "countApplesAndOranges\countApplesAndOranges.csproj", "{E01AA7A6-EA10-4E25-885E-C273DD1B64CE}"
EndProject
Project("{FAE04EC0-301F-11D3-BF4B-00C04F79EFBC}") = "kangaroo", "kangaroo\kangaroo.csproj", "{DAA5064D-8CA0-44B3-B5DE-C91EC36613CB}"
EndProject
Project("{FAE04EC0-301F-11D3-BF4B-00C04F79EFBC}") = "breakingRecords", "breakingRecords\breakingRecords.csproj", "{7496C5D0-6BBF-4485-B4A6-B2064E58DC4C}"
EndProject
Project("{FAE04EC0-301F-11D3-BF4B-00C04F79EFBC}") = "divisibleSumPairs", "divisibleSumPairs\divisibleSumPairs.csproj", "{F05D485A-3AEA-4BF0-B337-FA8271E7397E}"
EndProject
Project("{FAE04EC0-301F-11D3-BF4B-00C04F79EFBC}") = "dayOfProgrammer", "dayOfProgrammer\dayOfProgrammer.csproj", "{AEBE19D7-18DE-4B85-A440-A8C137CDDE47}"
EndProject
Project("{FAE04EC0-301F-11D3-BF4B-00C04F79EFBC}") = "bonAppetit", "bonAppetit\bonAppetit.csproj", "{F336AE97-3C5A-4316-84CE-D9E352447A5C}"
EndProject
Project("{FAE04EC0-301F-11D3-BF4B-00C04F79EFBC}") = "sockMerchant", "sockMerchant\sockMerchant.csproj", "{0494C83F-FE09-4C88-98FE-A74C0800161E}"
EndProject
Project("{FAE04EC0-301F-11D3-BF4B-00C04F79EFBC}") = "designerPdfViewer", "designerPdfViewer\designerPdfViewer.csproj", "{47BAE476-E1CD-4A12-AA70-F8819807C8ED}"
EndProject
Project("{FAE04EC0-301F-11D3-BF4B-00C04F79EFBC}") = "hurdleRace", "hurdleRace\hurdleRace.csproj", "{FE1EA6A8-0897-449F-B010-D82F8829F4E3}"
EndProject
Project("{FAE04EC0-301F-11D3-BF4B-00C04F79EFBC}") = "migratoryBirds", "migratoryBirds\migratoryBirds.csproj", "{DE267873-AEB7-4B70-A34C-8082D84DAFEA}"
EndProject
Project("{FAE04EC0-301F-11D3-BF4B-00C04F79EFBC}") = "countingValleys", "countingValleys\countingValleys.csproj", "{70B55B9D-9770-4E31-BAF7-E76162F26F44}"
EndProject
Project("{FAE04EC0-301F-11D3-BF4B-00C04F79EFBC}") = "getMoneySpent", "getMoneySpent\getMoneySpent.csproj", "{A9B7B362-DBE5-4B40-B748-CF43A2B74DDE}"
EndProject
Project("{FAE04EC0-301F-11D3-BF4B-00C04F79EFBC}") = "utopianTree", "utopianTree\utopianTree.csproj", "{832A9EDB-1B6C-431C-96BB-F9AEC09DBEE4}"
EndProject
Project("{FAE04EC0-301F-11D3-BF4B-00C04F79EFBC}") = "squares", "squares\squares.csproj", "{A56BC910-7DA9-43CD-BC70-1E98B6390E9A}"
EndProject
Project("{FAE04EC0-301F-11D3-BF4B-00C04F79EFBC}") = "equalizeArray", "equalizeArray\equalizeArray.csproj", "{A417835B-CBAB-417C-BFF0-816AE73DCB38}"
EndProject
Project("{FAE04EC0-301F-11D3-BF4B-00C04F79EFBC}") = "angryProfessor", "angryProfessor\angryProfessor.csproj", "{0785AFE9-B405-4165-976D-8C6C55B27516}"
EndProject
Project("{FAE04EC0-301F-11D3-BF4B-00C04F79EFBC}") = "beautifulDays", "beautifulDays\beautifulDays.csproj", "{3E0D81A7-966C-4372-A6EA-9C1469F1FD6F}"
EndProject
Project("{FAE04EC0-301F-11D3-BF4B-00C04F79EFBC}") = "viralAdvertising", "viralAdvertising\viralAdvertising.csproj", "{F9AEF4C0-866B-4137-8928-835A36B04FE6}"
EndProject
Project("{FAE04EC0-301F-11D3-BF4B-00C04F79EFBC}") = "taumBday", "taumBday\taumBday.csproj", "{0CF7716B-D0CF-46F6-A205-61C81896956C}"
EndProject
Project("{FAE04EC0-301F-11D3-BF4B-00C04F79EFBC}") = "kaprekarNumbers", "kaprekarNumbers\kaprekarNumbers.csproj", "{18C832B7-6997-47AF-B8FC-E189F3427662}"
EndProject
Project("{FAE04EC0-301F-11D3-BF4B-00C04F79EFBC}") = "minimumDistances", "minimumDistances\minimumDistances.csproj", "{9C711D8A-65D8-46F6-ABD3-E1013AD0C84D}"
EndProject
Project("{FAE04EC0-301F-11D3-BF4B-00C04F79EFBC}") = "bigSorting", "bigSorting\bigSorting.csproj", "{3FBC79E3-AABB-4FF8-8638-E09C305A115C}"
EndProject
Project("{FAE04EC0-301F-11D3-BF4B-00C04F79EFBC}") = "camelcase", "camelcase\camelcase.csproj", "{C97BE513-EDEA-4E7C-AA62-A337EF2BB631}"
EndProject
Project("{FAE04EC0-301F-11D3-BF4B-00C04F79EFBC}") = "insertionSort1", "insertionSort1\insertionSort1.csproj", "{EE6AF5B3-A36B-43A5-97F8-5DFB1DCE6EC5}"
EndProject
Project("{FAE04EC0-301F-11D3-BF4B-00C04F79EFBC}") = "birthday", "birthday\birthday.csproj", "{EB48102F-9BB8-4D5B-AF0E-803B11E7CAEB}"
EndProject
Project("{FAE04EC0-301F-11D3-BF4B-00C04F79EFBC}") = "pageCount", "pageCount\pageCount.csproj", "{4039CF60-0ED8-44E3-8B3B-A4A49C7BBC77}"
EndProject
Project("{FAE04EC0-301F-11D3-BF4B-00C04F79EFBC}") = "getTotalX", "getTotalX\getTotalX.csproj", "{FEC17BF5-DC9F-483D-9BD1-41EDA8B71C48}"
EndProject
Project("{FAE04EC0-301F-11D3-BF4B-00C04F79EFBC}") = "formingMagicSquare", "formingMagicSquare\formingMagicSquare.csproj", "{79356118-4EB2-4B05-980B-2DA12453638A}"
EndProject
Project("{FAE04EC0-301F-11D3-BF4B-00C04F79EFBC}") = "climbingLeaderboard", "climbingLeaderboard\climbingLeaderboard.csproj", "{FC54571A-5330-45BD-B679-0D784D235F48}"
EndProject
Global
	GlobalSection(SolutionConfigurationPlatforms) = preSolution
		Debug|Any CPU = Debug|Any CPU
		Release|Any CPU = Release|Any CPU
	EndGlobalSection
	GlobalSection(ProjectConfigurationPlatforms) = postSolution
		{67FC4C0E-8BFB-43A2-8091-FACC6DDEEE92}.Debug|Any CPU.ActiveCfg = Debug|Any CPU
		{67FC4C0E-8BFB-43A2-8091-FACC6DDEEE92}.Debug|Any CPU.Build.0 = Debug|Any CPU
		{67FC4C0E-8BFB-43A2-8091-FACC6DDEEE92}.Release|Any CPU.ActiveCfg = Release|Any CPU
		{67FC4C0E-8BFB-43A2-8091-FACC6DDEEE92}.Release|Any CPU.Build.0 = Release|Any CPU
		{342EEFF0-1A93-45C5-AF73-F7D8DE3E28CA}.Debug|Any CPU.ActiveCfg = Debug|Any CPU
		{342EEFF0-1A93-45C5-AF73-F7D8DE3E28CA}.Debug|Any CPU.Build.0 = Debug|Any CPU
		{342EEFF0-1A93-45C5-AF73-F7D8DE3E28CA}.Release|Any CPU.ActiveCfg = Release|Any CPU
		{342EEFF0-1A93-45C5-AF73-F7D8DE3E28CA}.Release|Any CPU.Build.0 = Release|Any CPU
		{403B0019-8B52-4A79-BAAE-FAE0E52F32FE}.Debug|Any CPU.ActiveCfg = Debug|Any CPU
		{403B0019-8B52-4A79-BAAE-FAE0E52F32FE}.Debug|Any CPU.Build.0 = Debug|Any CPU
		{403B0019-8B52-4A79-BAAE-FAE0E52F32FE}.Release|Any CPU.ActiveCfg = Release|Any CPU
		{403B0019-8B52-4A79-BAAE-FAE0E52F32FE}.Release|Any CPU.Build.0 = Release|Any CPU
		{8F7A7114-1C34-4A0F-9569-CFBAECF297E4}.Debug|Any CPU.ActiveCfg = Debug|Any CPU
		{8F7A7114-1C34-4A0F-9569-CFBAECF297E4}.Debug|Any CPU.Build.0 = Debug|Any CPU
		{8F7A7114-1C34-4A0F-9569-CFBAECF297E4}.Release|Any CPU.ActiveCfg = Release|Any CPU
		{8F7A7114-1C34-4A0F-9569-CFBAECF297E4}.Release|Any CPU.Build.0 = Release|Any CPU
		{F972A3DC-EC74-43A5-BAC9-4B482CBB8A8C}.Debug|Any CPU.ActiveCfg = Debug|Any CPU
		{F972A3DC-EC74-43A5-BAC9-4B482CBB8A8C}.Debug|Any CPU.Build.0 = Debug|Any CPU
		{F972A3DC-EC74-43A5-BAC9-4B482CBB8A8C}.Release|Any CPU.ActiveCfg = Release|Any CPU
		{F972A3DC-EC74-43A5-BAC9-4B482CBB8A8C}.Release|Any CPU.Build.0 = Release|Any CPU
		{4C152C34-359B-4362-A19B-62FABAC887D3}.Debug|Any CPU.ActiveCfg = Debug|Any CPU
		{4C152C34-359B-4362-A19B-62FABAC887D3}.Debug|Any CPU.Build.0 = Debug|Any CPU
		{4C152C34-359B-4362-A19B-62FABAC887D3}.Release|Any CPU.ActiveCfg = Release|Any CPU
		{4C152C34-359B-4362-A19B-62FABAC887D3}.Release|Any CPU.Build.0 = Release|Any CPU
		{077D3D0E-2990-4016-8432-5BC2B9274FBD}.Debug|Any CPU.ActiveCfg = Debug|Any CPU
		{077D3D0E-2990-4016-8432-5BC2B9274FBD}.Debug|Any CPU.Build.0 = Debug|Any CPU
		{077D3D0E-2990-4016-8432-5BC2B9274FBD}.Release|Any CPU.ActiveCfg = Release|Any CPU
		{077D3D0E-2990-4016-8432-5BC2B9274FBD}.Release|Any CPU.Build.0 = Release|Any CPU
		{E01AA7A6-EA10-4E25-885E-C273DD1B64CE}.Debug|Any CPU.ActiveCfg = Debug|Any CPU
		{E01AA7A6-EA10-4E25-885E-C273DD1B64CE}.Debug|Any CPU.Build.0 = Debug|Any CPU
		{E01AA7A6-EA10-4E25-885E-C273DD1B64CE}.Release|Any CPU.ActiveCfg = Release|Any CPU
		{E01AA7A6-EA10-4E25-885E-C273DD1B64CE}.Release|Any CPU.Build.0 = Release|Any CPU
		{DAA5064D-8CA0-44B3-B5DE-C91EC36613CB}.Debug|Any CPU.ActiveCfg = Debug|Any CPU
		{DAA5064D-8CA0-44B3-B5DE-C91EC36613CB}.Debug|Any CPU.Build.0 = Debug|Any CPU
		{DAA5064D-8CA0-44B3-B5DE-C91EC36613CB}.Release|Any CPU.ActiveCfg = Release|Any CPU
		{DAA5064D-8CA0-44B3-B5DE-C91EC36613CB}.Release|Any CPU.Build.0 = Release|Any CPU
		{7496C5D0-6BBF-4485-B4A6-B2064E58DC4C}.Debug|Any CPU.ActiveCfg = Debug|Any CPU
		{7496C5D0-6BBF-4485-B4A6-B2064E58DC4C}.Debug|Any CPU.Build.0 = Debug|Any CPU
		{7496C5D0-6BBF-4485-B4A6-B2064E58DC4C}.Release|Any CPU.ActiveCfg = Release|Any CPU
		{7496C5D0-6BBF-4485-B4A6-B2064E58DC4C}.Release|Any CPU.Build.0 = Release|Any CPU
		{F05D485A-3AEA-4BF0-B337-FA8271E7397E}.Debug|Any CPU.ActiveCfg = Debug|Any CPU
		{F05D485A-3AEA-4BF0-B337-FA8271E7397E}.Debug|Any CPU.Build.0 = Debug|Any CPU
		{F05D485A-3AEA-4BF0-B337-FA8271E7397E}.Release|Any CPU.ActiveCfg = Release|Any CPU
		{F05D485A-3AEA-4BF0-B337-FA8271E7397E}.Release|Any CPU.Build.0 = Release|Any CPU
		{AEBE19D7-18DE-4B85-A440-A8C137CDDE47}.Debug|Any CPU.ActiveCfg = Debug|Any CPU
		{AEBE19D7-18DE-4B85-A440-A8C137CDDE47}.Debug|Any CPU.Build.0 = Debug|Any CPU
		{AEBE19D7-18DE-4B85-A440-A8C137CDDE47}.Release|Any CPU.ActiveCfg = Release|Any CPU
		{AEBE19D7-18DE-4B85-A440-A8C137CDDE47}.Release|Any CPU.Build.0 = Release|Any CPU
		{F336AE97-3C5A-4316-84CE-D9E352447A5C}.Debug|Any CPU.ActiveCfg = Debug|Any CPU
		{F336AE97-3C5A-4316-84CE-D9E352447A5C}.Debug|Any CPU.Build.0 = Debug|Any CPU
		{F336AE97-3C5A-4316-84CE-D9E352447A5C}.Release|Any CPU.ActiveCfg = Release|Any CPU
		{F336AE97-3C5A-4316-84CE-D9E352447A5C}.Release|Any CPU.Build.0 = Release|Any CPU
		{0494C83F-FE09-4C88-98FE-A74C0800161E}.Debug|Any CPU.ActiveCfg = Debug|Any CPU
		{0494C83F-FE09-4C88-98FE-A74C0800161E}.Debug|Any CPU.Build.0 = Debug|Any CPU
		{0494C83F-FE09-4C88-98FE-A74C0800161E}.Release|Any CPU.ActiveCfg = Release|Any CPU
		{0494C83F-FE09-4C88-98FE-A74C0800161E}.Release|Any CPU.Build.0 = Release|Any CPU
		{47BAE476-E1CD-4A12-AA70-F8819807C8ED}.Debug|Any CPU.ActiveCfg = Debug|Any CPU
		{47BAE476-E1CD-4A12-AA70-F8819807C8ED}.Debug|Any CPU.Build.0 = Debug|Any CPU
		{47BAE476-E1CD-4A12-AA70-F8819807C8ED}.Release|Any CPU.ActiveCfg = Release|Any CPU
		{47BAE476-E1CD-4A12-AA70-F8819807C8ED}.Release|Any CPU.Build.0 = Release|Any CPU
		{FE1EA6A8-0897-449F-B010-D82F8829F4E3}.Debug|Any CPU.ActiveCfg = Debug|Any CPU
		{FE1EA6A8-0897-449F-B010-D82F8829F4E3}.Debug|Any CPU.Build.0 = Debug|Any CPU
		{FE1EA6A8-0897-449F-B010-D82F8829F4E3}.Release|Any CPU.ActiveCfg = Release|Any CPU
		{FE1EA6A8-0897-449F-B010-D82F8829F4E3}.Release|Any CPU.Build.0 = Release|Any CPU
		{DE267873-AEB7-4B70-A34C-8082D84DAFEA}.Debug|Any CPU.ActiveCfg = Debug|Any CPU
		{DE267873-AEB7-4B70-A34C-8082D84DAFEA}.Debug|Any CPU.Build.0 = Debug|Any CPU
		{DE267873-AEB7-4B70-A34C-8082D84DAFEA}.Release|Any CPU.ActiveCfg = Release|Any CPU
		{DE267873-AEB7-4B70-A34C-8082D84DAFEA}.Release|Any CPU.Build.0 = Release|Any CPU
		{70B55B9D-9770-4E31-BAF7-E76162F26F44}.Debug|Any CPU.ActiveCfg = Debug|Any CPU
		{70B55B9D-9770-4E31-BAF7-E76162F26F44}.Debug|Any CPU.Build.0 = Debug|Any CPU
		{70B55B9D-9770-4E31-BAF7-E76162F26F44}.Release|Any CPU.ActiveCfg = Release|Any CPU
		{70B55B9D-9770-4E31-BAF7-E76162F26F44}.Release|Any CPU.Build.0 = Release|Any CPU
		{A9B7B362-DBE5-4B40-B748-CF43A2B74DDE}.Debug|Any CPU.ActiveCfg = Debug|Any CPU
		{A9B7B362-DBE5-4B40-B748-CF43A2B74DDE}.Debug|Any CPU.Build.0 = Debug|Any CPU
		{A9B7B362-DBE5-4B40-B748-CF43A2B74DDE}.Release|Any CPU.ActiveCfg = Release|Any CPU
		{A9B7B362-DBE5-4B40-B748-CF43A2B74DDE}.Release|Any CPU.Build.0 = Release|Any CPU
		{832A9EDB-1B6C-431C-96BB-F9AEC09DBEE4}.Debug|Any CPU.ActiveCfg = Debug|Any CPU
		{832A9EDB-1B6C-431C-96BB-F9AEC09DBEE4}.Debug|Any CPU.Build.0 = Debug|Any CPU
		{832A9EDB-1B6C-431C-96BB-F9AEC09DBEE4}.Release|Any CPU.ActiveCfg = Release|Any CPU
		{832A9EDB-1B6C-431C-96BB-F9AEC09DBEE4}.Release|Any CPU.Build.0 = Release|Any CPU
		{A56BC910-7DA9-43CD-BC70-1E98B6390E9A}.Debug|Any CPU.ActiveCfg = Debug|Any CPU
		{A56BC910-7DA9-43CD-BC70-1E98B6390E9A}.Debug|Any CPU.Build.0 = Debug|Any CPU
		{A56BC910-7DA9-43CD-BC70-1E98B6390E9A}.Release|Any CPU.ActiveCfg = Release|Any CPU
		{A56BC910-7DA9-43CD-BC70-1E98B6390E9A}.Release|Any CPU.Build.0 = Release|Any CPU
		{A417835B-CBAB-417C-BFF0-816AE73DCB38}.Debug|Any CPU.ActiveCfg = Debug|Any CPU
		{A417835B-CBAB-417C-BFF0-816AE73DCB38}.Debug|Any CPU.Build.0 = Debug|Any CPU
		{A417835B-CBAB-417C-BFF0-816AE73DCB38}.Release|Any CPU.ActiveCfg = Release|Any CPU
		{A417835B-CBAB-417C-BFF0-816AE73DCB38}.Release|Any CPU.Build.0 = Release|Any CPU
		{0785AFE9-B405-4165-976D-8C6C55B27516}.Debug|Any CPU.ActiveCfg = Debug|Any CPU
		{0785AFE9-B405-4165-976D-8C6C55B27516}.Debug|Any CPU.Build.0 = Debug|Any CPU
		{0785AFE9-B405-4165-976D-8C6C55B27516}.Release|Any CPU.ActiveCfg = Release|Any CPU
		{0785AFE9-B405-4165-976D-8C6C55B27516}.Release|Any CPU.Build.0 = Release|Any CPU
		{3E0D81A7-966C-4372-A6EA-9C1469F1FD6F}.Debug|Any CPU.ActiveCfg = Debug|Any CPU
		{3E0D81A7-966C-4372-A6EA-9C1469F1FD6F}.Debug|Any CPU.Build.0 = Debug|Any CPU
		{3E0D81A7-966C-4372-A6EA-9C1469F1FD6F}.Release|Any CPU.ActiveCfg = Release|Any CPU
		{3E0D81A7-966C-4372-A6EA-9C1469F1FD6F}.Release|Any CPU.Build.0 = Release|Any CPU
		{F9AEF4C0-866B-4137-8928-835A36B04FE6}.Debug|Any CPU.ActiveCfg = Debug|Any CPU
		{F9AEF4C0-866B-4137-8928-835A36B04FE6}.Debug|Any CPU.Build.0 = Debug|Any CPU
		{F9AEF4C0-866B-4137-8928-835A36B04FE6}.Release|Any CPU.ActiveCfg = Release|Any CPU
		{F9AEF4C0-866B-4137-8928-835A36B04FE6}.Release|Any CPU.Build.0 = Release|Any CPU
		{0CF7716B-D0CF-46F6-A205-61C81896956C}.Debug|Any CPU.ActiveCfg = Debug|Any CPU
		{0CF7716B-D0CF-46F6-A205-61C81896956C}.Debug|Any CPU.Build.0 = Debug|Any CPU
		{0CF7716B-D0CF-46F6-A205-61C81896956C}.Release|Any CPU.ActiveCfg = Release|Any CPU
		{0CF7716B-D0CF-46F6-A205-61C81896956C}.Release|Any CPU.Build.0 = Release|Any CPU
		{18C832B7-6997-47AF-B8FC-E189F3427662}.Debug|Any CPU.ActiveCfg = Debug|Any CPU
		{18C832B7-6997-47AF-B8FC-E189F3427662}.Debug|Any CPU.Build.0 = Debug|Any CPU
		{18C832B7-6997-47AF-B8FC-E189F3427662}.Release|Any CPU.ActiveCfg = Release|Any CPU
		{18C832B7-6997-47AF-B8FC-E189F3427662}.Release|Any CPU.Build.0 = Release|Any CPU
		{9C711D8A-65D8-46F6-ABD3-E1013AD0C84D}.Debug|Any CPU.ActiveCfg = Debug|Any CPU
		{9C711D8A-65D8-46F6-ABD3-E1013AD0C84D}.Debug|Any CPU.Build.0 = Debug|Any CPU
		{9C711D8A-65D8-46F6-ABD3-E1013AD0C84D}.Release|Any CPU.ActiveCfg = Release|Any CPU
		{9C711D8A-65D8-46F6-ABD3-E1013AD0C84D}.Release|Any CPU.Build.0 = Release|Any CPU
		{3FBC79E3-AABB-4FF8-8638-E09C305A115C}.Debug|Any CPU.ActiveCfg = Debug|Any CPU
		{3FBC79E3-AABB-4FF8-8638-E09C305A115C}.Debug|Any CPU.Build.0 = Debug|Any CPU
		{3FBC79E3-AABB-4FF8-8638-E09C305A115C}.Release|Any CPU.ActiveCfg = Release|Any CPU
		{3FBC79E3-AABB-4FF8-8638-E09C305A115C}.Release|Any CPU.Build.0 = Release|Any CPU
		{C97BE513-EDEA-4E7C-AA62-A337EF2BB631}.Debug|Any CPU.ActiveCfg = Debug|Any CPU
		{C97BE513-EDEA-4E7C-AA62-A337EF2BB631}.Debug|Any CPU.Build.0 = Debug|Any CPU
		{C97BE513-EDEA-4E7C-AA62-A337EF2BB631}.Release|Any CPU.ActiveCfg = Release|Any CPU
		{C97BE513-EDEA-4E7C-AA62-A337EF2BB631}.Release|Any CPU.Build.0 = Release|Any CPU
		{EE6AF5B3-A36B-43A5-97F8-5DFB1DCE6EC5}.Debug|Any CPU.ActiveCfg = Debug|Any CPU
		{EE6AF5B3-A36B-43A5-97F8-5DFB1DCE6EC5}.Debug|Any CPU.Build.0 = Debug|Any CPU
		{EE6AF5B3-A36B-43A5-97F8-5DFB1DCE6EC5}.Release|Any CPU.ActiveCfg = Release|Any CPU
		{EE6AF5B3-A36B-43A5-97F8-5DFB1DCE6EC5}.Release|Any CPU.Build.0 = Release|Any CPU
		{EB48102F-9BB8-4D5B-AF0E-803B11E7CAEB}.Debug|Any CPU.ActiveCfg = Debug|Any CPU
		{EB48102F-9BB8-4D5B-AF0E-803B11E7CAEB}.Debug|Any CPU.Build.0 = Debug|Any CPU
		{EB48102F-9BB8-4D5B-AF0E-803B11E7CAEB}.Release|Any CPU.ActiveCfg = Release|Any CPU
		{EB48102F-9BB8-4D5B-AF0E-803B11E7CAEB}.Release|Any CPU.Build.0 = Release|Any CPU
		{4039CF60-0ED8-44E3-8B3B-A4A49C7BBC77}.Debug|Any CPU.ActiveCfg = Debug|Any CPU
		{4039CF60-0ED8-44E3-8B3B-A4A49C7BBC77}.Debug|Any CPU.Build.0 = Debug|Any CPU
		{4039CF60-0ED8-44E3-8B3B-A4A49C7BBC77}.Release|Any CPU.ActiveCfg = Release|Any CPU
		{4039CF60-0ED8-44E3-8B3B-A4A49C7BBC77}.Release|Any CPU.Build.0 = Release|Any CPU
		{FEC17BF5-DC9F-483D-9BD1-41EDA8B71C48}.Debug|Any CPU.ActiveCfg = Debug|Any CPU
		{FEC17BF5-DC9F-483D-9BD1-41EDA8B71C48}.Debug|Any CPU.Build.0 = Debug|Any CPU
		{FEC17BF5-DC9F-483D-9BD1-41EDA8B71C48}.Release|Any CPU.ActiveCfg = Release|Any CPU
		{FEC17BF5-DC9F-483D-9BD1-41EDA8B71C48}.Release|Any CPU.Build.0 = Release|Any CPU
		{79356118-4EB2-4B05-980B-2DA12453638A}.Debug|Any CPU.ActiveCfg = Debug|Any CPU
		{79356118-4EB2-4B05-980B-2DA12453638A}.Debug|Any CPU.Build.0 = Debug|Any CPU
		{79356118-4EB2-4B05-980B-2DA12453638A}.Release|Any CPU.ActiveCfg = Release|Any CPU
		{79356118-4EB2-4B05-980B-2DA12453638A}.Release|Any CPU.Build.0 = Release|Any CPU
		{FC54571A-5330-45BD-B679-0D784D235F48}.Debug|Any CPU.ActiveCfg = Debug|Any CPU
		{FC54571A-5330-45BD-B679-0D784D235F48}.Debug|Any CPU.Build.0 = Debug|Any CPU
		{FC54571A-5330-45BD-B679-0D784D235F48}.Release|Any CPU.ActiveCfg = Release|Any CPU
		{FC54571A-5330-45BD-B679-0D784D235F48}.Release|Any CPU.Build.0 = Release|Any CPU
	EndGlobalSection
	GlobalSection(SolutionProperties) = preSolution
		HideSolutionNode = FALSE
	EndGlobalSection
	GlobalSection(ExtensibilityGlobals) = postSolution
		SolutionGuid = {13487212-35AF-4E1D-A9C4-A1C89A759E6A}
	EndGlobalSection
EndGlobal
