
Microsoft Visual Studio Solution File, Format Version 12.00
# Visual Studio Version 17
VisualStudioVersion = 17.1.32319.34
MinimumVisualStudioVersion = 10.0.40219.1
Project("{FAE04EC0-301F-11D3-BF4B-00C04F79EFBC}") = "PlusMinus", "HackerRank\PlusMinus.csproj", "{67FC4C0E-8BFB-43A2-8091-FACC6DDEEE92}"
EndProject
Project("{FAE04EC0-301F-11D3-BF4B-00C04F79EFBC}") = "Staircase", "Staircase\Staircase.csproj", "{342EEFF0-1A93-45C5-AF73-F7D8DE3E28CA}"
EndProject
Project("{FAE04EC0-301F-11D3-BF4B-00C04F79EFBC}") = "miniMaxSum", "miniMaxSum\miniMaxSum.csproj", "{403B0019-8B52-4A79-BAAE-FAE0E52F32FE}"
EndProject
Project("{FAE04EC0-301F-11D3-BF4B-00C04F79EFBC}") = "birthdayCakeCandles", "birthdayCakeCandles\birthdayCakeCandles.csproj", "{8F7A7114-1C34-4A0F-9569-CFBAECF297E4}"
EndProject
Project("{FAE04EC0-301F-11D3-BF4B-00C04F79EFBC}") = "timeConversion", "timeConversion\timeConversion.csproj", "{F972A3DC-EC74-43A5-BAC9-4B482CBB8A8C}"
EndProject
Project("{FAE04EC0-301F-11D3-BF4B-00C04F79EFBC}") = "playingWithNumbers", "playingWithNumbers\playingWithNumbers.csproj", "{4C152C34-359B-4362-A19B-62FABAC887D3}"
EndProject
Project("{FAE04EC0-301F-11D3-BF4B-00C04F79EFBC}") = "gradingStudents", "gradingStudents\gradingStudents.csproj", "{077D3D0E-2990-4016-8432-5BC2B9274FBD}"
EndProject
Project("{FAE04EC0-301F-11D3-BF4B-00C04F79EFBC}") = "countApplesAndOranges", "countApplesAndOranges\countApplesAndOranges.csproj", "{E01AA7A6-EA10-4E25-885E-C273DD1B64CE}"
EndProject
Project("{FAE04EC0-301F-11D3-BF4B-00C04F79EFBC}") = "kangaroo", "kangaroo\kangaroo.csproj", "{DAA5064D-8CA0-44B3-B5DE-C91EC36613CB}"
EndProject
Project("{FAE04EC0-301F-11D3-BF4B-00C04F79EFBC}") = "breakingRecords", "breakingRecords\breakingRecords.csproj", "{7496C5D0-6BBF-4485-B4A6-B2064E58DC4C}"
EndProject
Global
	GlobalSection(SolutionConfigurationPlatforms) = preSolution
		Debug|Any CPU = Debug|Any CPU
		Release|Any CPU = Release|Any CPU
	EndGlobalSection
	GlobalSection(ProjectConfigurationPlatforms) = postSolution
		{67FC4C0E-8BFB-43A2-8091-FACC6DDEEE92}.Debug|Any CPU.ActiveCfg = Debug|Any CPU
		{67FC4C0E-8BFB-43A2-8091-FACC6DDEEE92}.Debug|Any CPU.Build.0 = Debug|Any CPU
		{67FC4C0E-8BFB-43A2-8091-FACC6DDEEE92}.Release|Any CPU.ActiveCfg = Release|Any CPU
		{67FC4C0E-8BFB-43A2-8091-FACC6DDEEE92}.Release|Any CPU.Build.0 = Release|Any CPU
		{342EEFF0-1A93-45C5-AF73-F7D8DE3E28CA}.Debug|Any CPU.ActiveCfg = Debug|Any CPU
		{342EEFF0-1A93-45C5-AF73-F7D8DE3E28CA}.Debug|Any CPU.Build.0 = Debug|Any CPU
		{342EEFF0-1A93-45C5-AF73-F7D8DE3E28CA}.Release|Any CPU.ActiveCfg = Release|Any CPU
		{342EEFF0-1A93-45C5-AF73-F7D8DE3E28CA}.Release|Any CPU.Build.0 = Release|Any CPU
		{403B0019-8B52-4A79-BAAE-FAE0E52F32FE}.Debug|Any CPU.ActiveCfg = Debug|Any CPU
		{403B0019-8B52-4A79-BAAE-FAE0E52F32FE}.Debug|Any CPU.Build.0 = Debug|Any CPU
		{403B0019-8B52-4A79-BAAE-FAE0E52F32FE}.Release|Any CPU.ActiveCfg = Release|Any CPU
		{403B0019-8B52-4A79-BAAE-FAE0E52F32FE}.Release|Any CPU.Build.0 = Release|Any CPU
		{8F7A7114-1C34-4A0F-9569-CFBAECF297E4}.Debug|Any CPU.ActiveCfg = Debug|Any CPU
		{8F7A7114-1C34-4A0F-9569-CFBAECF297E4}.Debug|Any CPU.Build.0 = Debug|Any CPU
		{8F7A7114-1C34-4A0F-9569-CFBAECF297E4}.Release|Any CPU.ActiveCfg = Release|Any CPU
		{8F7A7114-1C34-4A0F-9569-CFBAECF297E4}.Release|Any CPU.Build.0 = Release|Any CPU
		{F972A3DC-EC74-43A5-BAC9-4B482CBB8A8C}.Debug|Any CPU.ActiveCfg = Debug|Any CPU
		{F972A3DC-EC74-43A5-BAC9-4B482CBB8A8C}.Debug|Any CPU.Build.0 = Debug|Any CPU
		{F972A3DC-EC74-43A5-BAC9-4B482CBB8A8C}.Release|Any CPU.ActiveCfg = Release|Any CPU
		{F972A3DC-EC74-43A5-BAC9-4B482CBB8A8C}.Release|Any CPU.Build.0 = Release|Any CPU
		{4C152C34-359B-4362-A19B-62FABAC887D3}.Debug|Any CPU.ActiveCfg = Debug|Any CPU
		{4C152C34-359B-4362-A19B-62FABAC887D3}.Debug|Any CPU.Build.0 = Debug|Any CPU
		{4C152C34-359B-4362-A19B-62FABAC887D3}.Release|Any CPU.ActiveCfg = Release|Any CPU
		{4C152C34-359B-4362-A19B-62FABAC887D3}.Release|Any CPU.Build.0 = Release|Any CPU
		{077D3D0E-2990-4016-8432-5BC2B9274FBD}.Debug|Any CPU.ActiveCfg = Debug|Any CPU
		{077D3D0E-2990-4016-8432-5BC2B9274FBD}.Debug|Any CPU.Build.0 = Debug|Any CPU
		{077D3D0E-2990-4016-8432-5BC2B9274FBD}.Release|Any CPU.ActiveCfg = Release|Any CPU
		{077D3D0E-2990-4016-8432-5BC2B9274FBD}.Release|Any CPU.Build.0 = Release|Any CPU
		{E01AA7A6-EA10-4E25-885E-C273DD1B64CE}.Debug|Any CPU.ActiveCfg = Debug|Any CPU
		{E01AA7A6-EA10-4E25-885E-C273DD1B64CE}.Debug|Any CPU.Build.0 = Debug|Any CPU
		{E01AA7A6-EA10-4E25-885E-C273DD1B64CE}.Release|Any CPU.ActiveCfg = Release|Any CPU
		{E01AA7A6-EA10-4E25-885E-C273DD1B64CE}.Release|Any CPU.Build.0 = Release|Any CPU
		{DAA5064D-8CA0-44B3-B5DE-C91EC36613CB}.Debug|Any CPU.ActiveCfg = Debug|Any CPU
		{DAA5064D-8CA0-44B3-B5DE-C91EC36613CB}.Debug|Any CPU.Build.0 = Debug|Any CPU
		{DAA5064D-8CA0-44B3-B5DE-C91EC36613CB}.Release|Any CPU.ActiveCfg = Release|Any CPU
		{DAA5064D-8CA0-44B3-B5DE-C91EC36613CB}.Release|Any CPU.Build.0 = Release|Any CPU
		{7496C5D0-6BBF-4485-B4A6-B2064E58DC4C}.Debug|Any CPU.ActiveCfg = Debug|Any CPU
		{7496C5D0-6BBF-4485-B4A6-B2064E58DC4C}.Debug|Any CPU.Build.0 = Debug|Any CPU
		{7496C5D0-6BBF-4485-B4A6-B2064E58DC4C}.Release|Any CPU.ActiveCfg = Release|Any CPU
		{7496C5D0-6BBF-4485-B4A6-B2064E58DC4C}.Release|Any CPU.Build.0 = Release|Any CPU
	EndGlobalSection
	GlobalSection(SolutionProperties) = preSolution
		HideSolutionNode = FALSE
	EndGlobalSection
	GlobalSection(ExtensibilityGlobals) = postSolution
		SolutionGuid = {13487212-35AF-4E1D-A9C4-A1C89A759E6A}
	EndGlobalSection
EndGlobal
